
Microsoft Visual Studio Solution File, Format Version 12.00
# Visual Studio Version 16
VisualStudioVersion = 16.0.29215.179
MinimumVisualStudioVersion = 10.0.40219.1
Project("{8BC9CEB8-8B4A-11D0-8D11-00A0C91BC942}") = "inMeanStd.dat", "inMeanStd.dat\inMeanStd.dat.vcxproj", "{33EA397B-97F1-4E7D-A8C8-F59D2CB75C4C}"
EndProject
Global
	GlobalSection(SolutionConfigurationPlatforms) = preSolution
		Debug|x64 = Debug|x64
		Debug|x86 = Debug|x86
		Release|x64 = Release|x64
		Release|x86 = Release|x86
	EndGlobalSection
	GlobalSection(ProjectConfigurationPlatforms) = postSolution
		{33EA397B-97F1-4E7D-A8C8-F59D2CB75C4C}.Debug|x64.ActiveCfg = Debug|x64
		{33EA397B-97F1-4E7D-A8C8-F59D2CB75C4C}.Debug|x64.Build.0 = Debug|x64
		{33EA397B-97F1-4E7D-A8C8-F59D2CB75C4C}.Debug|x86.ActiveCfg = Debug|Win32
		{33EA397B-97F1-4E7D-A8C8-F59D2CB75C4C}.Debug|x86.Build.0 = Debug|Win32
		{33EA397B-97F1-4E7D-A8C8-F59D2CB75C4C}.Release|x64.ActiveCfg = Release|x64
		{33EA397B-97F1-4E7D-A8C8-F59D2CB75C4C}.Release|x64.Build.0 = Release|x64
		{33EA397B-97F1-4E7D-A8C8-F59D2CB75C4C}.Release|x86.ActiveCfg = Release|Win32
		{33EA397B-97F1-4E7D-A8C8-F59D2CB75C4C}.Release|x86.Build.0 = Release|Win32
	EndGlobalSection
	GlobalSection(SolutionProperties) = preSolution
		HideSolutionNode = FALSE
	EndGlobalSection
	GlobalSection(ExtensibilityGlobals) = postSolution
		SolutionGuid = {3F9B7F40-D61D-4A67-8D53-E69D3C7B4A00}
	EndGlobalSection
EndGlobal
